// !$*UTF8*$!
{
	archiveVersion = 1;
	classes = {
	};
	objectVersion = 56;
	objects = {

/* Begin PBXBuildFile section */
		D114D46B2C54F4FA009AF0FB /* ChatView.swift in Sources */ = {isa = PBXBuildFile; fileRef = D114D46A2C54F4FA009AF0FB /* ChatView.swift */; };
		D114D46E2C54F5A2009AF0FB /* CircularProfileImageView.swift in Sources */ = {isa = PBXBuildFile; fileRef = D114D46D2C54F5A2009AF0FB /* CircularProfileImageView.swift */; };
		D114D4702C54F5B5009AF0FB /* User.swift in Sources */ = {isa = PBXBuildFile; fileRef = D114D46F2C54F5B5009AF0FB /* User.swift */; };
		D114D4722C54F849009AF0FB /* ProfileViewModel.swift in Sources */ = {isa = PBXBuildFile; fileRef = D114D4712C54F849009AF0FB /* ProfileViewModel.swift */; };
		D114D4742C550068009AF0FB /* ChatMessageCell.swift in Sources */ = {isa = PBXBuildFile; fileRef = D114D4732C550068009AF0FB /* ChatMessageCell.swift */; };
		D114D4762C5500B4009AF0FB /* ChatBubble.swift in Sources */ = {isa = PBXBuildFile; fileRef = D114D4752C5500B4009AF0FB /* ChatBubble.swift */; };
		D1800B242C3D2F5500A80F48 /* SignUpView.swift in Sources */ = {isa = PBXBuildFile; fileRef = D1800B232C3D2F5500A80F48 /* SignUpView.swift */; };
		D18BE05C2C3E8B9600912076 /* InboxView.swift in Sources */ = {isa = PBXBuildFile; fileRef = D18BE05B2C3E8B9600912076 /* InboxView.swift */; };
		D18BE05F2C3E8C8C00912076 /* ActiveNowView.swift in Sources */ = {isa = PBXBuildFile; fileRef = D18BE05E2C3E8C8C00912076 /* ActiveNowView.swift */; };
		D18BE0612C3E8EDC00912076 /* InboxRowView.swift in Sources */ = {isa = PBXBuildFile; fileRef = D18BE0602C3E8EDC00912076 /* InboxRowView.swift */; };
		D1B3A78C2C50E44A0029CDED /* NewMessageView.swift in Sources */ = {isa = PBXBuildFile; fileRef = D1B3A78B2C50E44A0029CDED /* NewMessageView.swift */; };
		D1B3A7912C50EF960029CDED /* ProfileView.swift in Sources */ = {isa = PBXBuildFile; fileRef = D1B3A7902C50EF960029CDED /* ProfileView.swift */; };
		D1E491002C50F14C00942BF0 /* SettingOptionsViewModel.swift in Sources */ = {isa = PBXBuildFile; fileRef = D1E490FF2C50F14C00942BF0 /* SettingOptionsViewModel.swift */; };
		D1FACB8A2C3D17C900F89A26 /* MessengerCloneApp.swift in Sources */ = {isa = PBXBuildFile; fileRef = D1FACB892C3D17C900F89A26 /* MessengerCloneApp.swift */; };
		D1FACB8C2C3D17C900F89A26 /* ContentView.swift in Sources */ = {isa = PBXBuildFile; fileRef = D1FACB8B2C3D17C900F89A26 /* ContentView.swift */; };
		D1FACB8E2C3D17CA00F89A26 /* Assets.xcassets in Resources */ = {isa = PBXBuildFile; fileRef = D1FACB8D2C3D17CA00F89A26 /* Assets.xcassets */; };
		D1FACB912C3D17CA00F89A26 /* Preview Assets.xcassets in Resources */ = {isa = PBXBuildFile; fileRef = D1FACB902C3D17CA00F89A26 /* Preview Assets.xcassets */; };
		D1FACBA12C3D185600F89A26 /* LoginView.swift in Sources */ = {isa = PBXBuildFile; fileRef = D1FACBA02C3D185600F89A26 /* LoginView.swift */; };
/* End PBXBuildFile section */

/* Begin PBXFileReference section */
		D114D46A2C54F4FA009AF0FB /* ChatView.swift */ = {isa = PBXFileReference; lastKnownFileType = sourcecode.swift; path = ChatView.swift; sourceTree = "<group>"; };
		D114D46D2C54F5A2009AF0FB /* CircularProfileImageView.swift */ = {isa = PBXFileReference; lastKnownFileType = sourcecode.swift; path = CircularProfileImageView.swift; sourceTree = "<group>"; };
		D114D46F2C54F5B5009AF0FB /* User.swift */ = {isa = PBXFileReference; lastKnownFileType = sourcecode.swift; name = User.swift; path = MessengerClone/Core/Components/User.swift; sourceTree = SOURCE_ROOT; };
		D114D4712C54F849009AF0FB /* ProfileViewModel.swift */ = {isa = PBXFileReference; lastKnownFileType = sourcecode.swift; path = ProfileViewModel.swift; sourceTree = "<group>"; };
		D114D4732C550068009AF0FB /* ChatMessageCell.swift */ = {isa = PBXFileReference; lastKnownFileType = sourcecode.swift; path = ChatMessageCell.swift; sourceTree = "<group>"; };
		D114D4752C5500B4009AF0FB /* ChatBubble.swift */ = {isa = PBXFileReference; lastKnownFileType = sourcecode.swift; path = ChatBubble.swift; sourceTree = "<group>"; };
		D1800B232C3D2F5500A80F48 /* SignUpView.swift */ = {isa = PBXFileReference; lastKnownFileType = sourcecode.swift; path = SignUpView.swift; sourceTree = "<group>"; };
		D18BE05B2C3E8B9600912076 /* InboxView.swift */ = {isa = PBXFileReference; lastKnownFileType = sourcecode.swift; path = InboxView.swift; sourceTree = "<group>"; };
		D18BE05E2C3E8C8C00912076 /* ActiveNowView.swift */ = {isa = PBXFileReference; lastKnownFileType = sourcecode.swift; path = ActiveNowView.swift; sourceTree = "<group>"; };
		D18BE0602C3E8EDC00912076 /* InboxRowView.swift */ = {isa = PBXFileReference; lastKnownFileType = sourcecode.swift; path = InboxRowView.swift; sourceTree = "<group>"; };
		D1B3A78B2C50E44A0029CDED /* NewMessageView.swift */ = {isa = PBXFileReference; lastKnownFileType = sourcecode.swift; path = NewMessageView.swift; sourceTree = "<group>"; };
		D1B3A7902C50EF960029CDED /* ProfileView.swift */ = {isa = PBXFileReference; lastKnownFileType = sourcecode.swift; path = ProfileView.swift; sourceTree = "<group>"; };
		D1E490FF2C50F14C00942BF0 /* SettingOptionsViewModel.swift */ = {isa = PBXFileReference; lastKnownFileType = sourcecode.swift; path = SettingOptionsViewModel.swift; sourceTree = "<group>"; };
		D1FACB862C3D17C900F89A26 /* MessengerClone.app */ = {isa = PBXFileReference; explicitFileType = wrapper.application; includeInIndex = 0; path = MessengerClone.app; sourceTree = BUILT_PRODUCTS_DIR; };
		D1FACB892C3D17C900F89A26 /* MessengerCloneApp.swift */ = {isa = PBXFileReference; lastKnownFileType = sourcecode.swift; path = MessengerCloneApp.swift; sourceTree = "<group>"; };
		D1FACB8B2C3D17C900F89A26 /* ContentView.swift */ = {isa = PBXFileReference; lastKnownFileType = sourcecode.swift; path = ContentView.swift; sourceTree = "<group>"; };
		D1FACB8D2C3D17CA00F89A26 /* Assets.xcassets */ = {isa = PBXFileReference; lastKnownFileType = folder.assetcatalog; path = Assets.xcassets; sourceTree = "<group>"; };
		D1FACB902C3D17CA00F89A26 /* Preview Assets.xcassets */ = {isa = PBXFileReference; lastKnownFileType = folder.assetcatalog; path = "Preview Assets.xcassets"; sourceTree = "<group>"; };
		D1FACBA02C3D185600F89A26 /* LoginView.swift */ = {isa = PBXFileReference; lastKnownFileType = sourcecode.swift; path = LoginView.swift; sourceTree = "<group>"; };
/* End PBXFileReference section */

/* Begin PBXFrameworksBuildPhase section */
		D1FACB832C3D17C900F89A26 /* Frameworks */ = {
			isa = PBXFrameworksBuildPhase;
			buildActionMask = 2147483647;
			files = (
			);
			runOnlyForDeploymentPostprocessing = 0;
		};
/* End PBXFrameworksBuildPhase section */

/* Begin PBXGroup section */
		D114D4692C54F4EC009AF0FB /* Chat */ = {
			isa = PBXGroup;
			children = (
				D114D46A2C54F4FA009AF0FB /* ChatView.swift */,
				D114D4732C550068009AF0FB /* ChatMessageCell.swift */,
				D114D4752C5500B4009AF0FB /* ChatBubble.swift */,
			);
			path = Chat;
			sourceTree = "<group>";
		};
		D114D46C2C54F594009AF0FB /* Components */ = {
			isa = PBXGroup;
			children = (
				D114D46D2C54F5A2009AF0FB /* CircularProfileImageView.swift */,
			);
			path = Components;
			sourceTree = "<group>";
		};
		D18BE05A2C3E8B8800912076 /* Inbox */ = {
			isa = PBXGroup;
			children = (
				D18BE05B2C3E8B9600912076 /* InboxView.swift */,
				D18BE0602C3E8EDC00912076 /* InboxRowView.swift */,
			);
			path = Inbox;
			sourceTree = "<group>";
		};
		D18BE05D2C3E8C6700912076 /* ActiveNow */ = {
			isa = PBXGroup;
			children = (
				D18BE05E2C3E8C8C00912076 /* ActiveNowView.swift */,
			);
			path = ActiveNow;
			sourceTree = "<group>";
		};
		D1B3A78A2C50E43C0029CDED /* NewMessage */ = {
			isa = PBXGroup;
			children = (
				D1B3A78B2C50E44A0029CDED /* NewMessageView.swift */,
			);
			path = NewMessage;
			sourceTree = "<group>";
		};
		D1B3A78D2C50EF680029CDED /* Profile */ = {
			isa = PBXGroup;
			children = (
				D1B3A78F2C50EF820029CDED /* View */,
				D1B3A78E2C50EF730029CDED /* ViewModel */,
			);
			path = Profile;
			sourceTree = "<group>";
		};
		D1B3A78E2C50EF730029CDED /* ViewModel */ = {
			isa = PBXGroup;
			children = (
				D1E490FF2C50F14C00942BF0 /* SettingOptionsViewModel.swift */,
				D114D4712C54F849009AF0FB /* ProfileViewModel.swift */,
			);
			path = ViewModel;
			sourceTree = "<group>";
		};
		D1B3A78F2C50EF820029CDED /* View */ = {
			isa = PBXGroup;
			children = (
				D1B3A7902C50EF960029CDED /* ProfileView.swift */,
			);
			path = View;
			sourceTree = "<group>";
		};
		D1FACB7D2C3D17C900F89A26 = {
			isa = PBXGroup;
			children = (
				D1FACB882C3D17C900F89A26 /* MessengerClone */,
				D1FACB872C3D17C900F89A26 /* Products */,
			);
			sourceTree = "<group>";
		};
		D1FACB872C3D17C900F89A26 /* Products */ = {
			isa = PBXGroup;
			children = (
				D1FACB862C3D17C900F89A26 /* MessengerClone.app */,
			);
			name = Products;
			sourceTree = "<group>";
		};
		D1FACB882C3D17C900F89A26 /* MessengerClone */ = {
			isa = PBXGroup;
			children = (
				D1FACB9C2C3D181300F89A26 /* Model */,
				D1FACB9B2C3D180E00F89A26 /* Service */,
				D1FACB9A2C3D180800F89A26 /* Extensions */,
				D1FACB992C3D180000F89A26 /* Core */,
				D1FACB982C3D17FA00F89A26 /* App */,
				D1FACB8B2C3D17C900F89A26 /* ContentView.swift */,
				D1FACB8D2C3D17CA00F89A26 /* Assets.xcassets */,
				D1FACB8F2C3D17CA00F89A26 /* Preview Content */,
			);
			path = MessengerClone;
			sourceTree = "<group>";
		};
		D1FACB8F2C3D17CA00F89A26 /* Preview Content */ = {
			isa = PBXGroup;
			children = (
				D1FACB902C3D17CA00F89A26 /* Preview Assets.xcassets */,
			);
			path = "Preview Content";
			sourceTree = "<group>";
		};
		D1FACB982C3D17FA00F89A26 /* App */ = {
			isa = PBXGroup;
			children = (
				D1FACB892C3D17C900F89A26 /* MessengerCloneApp.swift */,
			);
			path = App;
			sourceTree = "<group>";
		};
		D1FACB992C3D180000F89A26 /* Core */ = {
			isa = PBXGroup;
			children = (
				D114D46C2C54F594009AF0FB /* Components */,
				D114D4692C54F4EC009AF0FB /* Chat */,
				D1B3A78D2C50EF680029CDED /* Profile */,
				D1B3A78A2C50E43C0029CDED /* NewMessage */,
				D18BE05D2C3E8C6700912076 /* ActiveNow */,
				D18BE05A2C3E8B8800912076 /* Inbox */,
				D1FACB9E2C3D183B00F89A26 /* Root */,
				D1FACB9D2C3D183100F89A26 /* Authentication */,
			);
			path = Core;
			sourceTree = "<group>";
		};
		D1FACB9A2C3D180800F89A26 /* Extensions */ = {
			isa = PBXGroup;
			children = (
			);
			path = Extensions;
			sourceTree = "<group>";
		};
		D1FACB9B2C3D180E00F89A26 /* Service */ = {
			isa = PBXGroup;
			children = (
			);
			path = Service;
			sourceTree = "<group>";
		};
		D1FACB9C2C3D181300F89A26 /* Model */ = {
			isa = PBXGroup;
			children = (
				D114D46F2C54F5B5009AF0FB /* User.swift */,
			);
			path = Model;
			sourceTree = "<group>";
		};
		D1FACB9D2C3D183100F89A26 /* Authentication */ = {
			isa = PBXGroup;
			children = (
				D1FACB9F2C3D184500F89A26 /* View */,
			);
			path = Authentication;
			sourceTree = "<group>";
		};
		D1FACB9E2C3D183B00F89A26 /* Root */ = {
			isa = PBXGroup;
			children = (
			);
			path = Root;
			sourceTree = "<group>";
		};
		D1FACB9F2C3D184500F89A26 /* View */ = {
			isa = PBXGroup;
			children = (
				D1FACBA02C3D185600F89A26 /* LoginView.swift */,
				D1800B232C3D2F5500A80F48 /* SignUpView.swift */,
			);
			path = View;
			sourceTree = "<group>";
		};
/* End PBXGroup section */

/* Begin PBXNativeTarget section */
		D1FACB852C3D17C900F89A26 /* MessengerClone */ = {
			isa = PBXNativeTarget;
			buildConfigurationList = D1FACB942C3D17CA00F89A26 /* Build configuration list for PBXNativeTarget "MessengerClone" */;
			buildPhases = (
				D1FACB822C3D17C900F89A26 /* Sources */,
				D1FACB832C3D17C900F89A26 /* Frameworks */,
				D1FACB842C3D17C900F89A26 /* Resources */,
			);
			buildRules = (
			);
			dependencies = (
			);
			name = MessengerClone;
			productName = MessengerClone;
			productReference = D1FACB862C3D17C900F89A26 /* MessengerClone.app */;
			productType = "com.apple.product-type.application";
		};
/* End PBXNativeTarget section */

/* Begin PBXProject section */
		D1FACB7E2C3D17C900F89A26 /* Project object */ = {
			isa = PBXProject;
			attributes = {
				BuildIndependentTargetsInParallel = 1;
				LastSwiftUpdateCheck = 1540;
				LastUpgradeCheck = 1540;
				TargetAttributes = {
					D1FACB852C3D17C900F89A26 = {
						CreatedOnToolsVersion = 15.4;
					};
				};
			};
			buildConfigurationList = D1FACB812C3D17C900F89A26 /* Build configuration list for PBXProject "MessengerClone" */;
			compatibilityVersion = "Xcode 14.0";
			developmentRegion = en;
			hasScannedForEncodings = 0;
			knownRegions = (
				en,
				Base,
			);
			mainGroup = D1FACB7D2C3D17C900F89A26;
			productRefGroup = D1FACB872C3D17C900F89A26 /* Products */;
			projectDirPath = "";
			projectRoot = "";
			targets = (
				D1FACB852C3D17C900F89A26 /* MessengerClone */,
			);
		};
/* End PBXProject section */

/* Begin PBXResourcesBuildPhase section */
		D1FACB842C3D17C900F89A26 /* Resources */ = {
			isa = PBXResourcesBuildPhase;
			buildActionMask = 2147483647;
			files = (
				D1FACB912C3D17CA00F89A26 /* Preview Assets.xcassets in Resources */,
				D1FACB8E2C3D17CA00F89A26 /* Assets.xcassets in Resources */,
			);
			runOnlyForDeploymentPostprocessing = 0;
		};
/* End PBXResourcesBuildPhase section */

/* Begin PBXSourcesBuildPhase section */
		D1FACB822C3D17C900F89A26 /* Sources */ = {
			isa = PBXSourcesBuildPhase;
			buildActionMask = 2147483647;
			files = (
				D114D4702C54F5B5009AF0FB /* User.swift in Sources */,
				D18BE0612C3E8EDC00912076 /* InboxRowView.swift in Sources */,
				D114D46E2C54F5A2009AF0FB /* CircularProfileImageView.swift in Sources */,
				D1B3A7912C50EF960029CDED /* ProfileView.swift in Sources */,
				D1B3A78C2C50E44A0029CDED /* NewMessageView.swift in Sources */,
				D1800B242C3D2F5500A80F48 /* SignUpView.swift in Sources */,
				D114D4742C550068009AF0FB /* ChatMessageCell.swift in Sources */,
				D114D4762C5500B4009AF0FB /* ChatBubble.swift in Sources */,
				D114D4722C54F849009AF0FB /* ProfileViewModel.swift in Sources */,
				D114D46B2C54F4FA009AF0FB /* ChatView.swift in Sources */,
				D1FACBA12C3D185600F89A26 /* LoginView.swift in Sources */,
				D18BE05C2C3E8B9600912076 /* InboxView.swift in Sources */,
				D1E491002C50F14C00942BF0 /* SettingOptionsViewModel.swift in Sources */,
				D18BE05F2C3E8C8C00912076 /* ActiveNowView.swift in Sources */,
				D1FACB8C2C3D17C900F89A26 /* ContentView.swift in Sources */,
				D1FACB8A2C3D17C900F89A26 /* MessengerCloneApp.swift in Sources */,
			);
			runOnlyForDeploymentPostprocessing = 0;
		};
/* End PBXSourcesBuildPhase section */

/* Begin XCBuildConfiguration section */
		D1FACB922C3D17CA00F89A26 /* Debug */ = {
			isa = XCBuildConfiguration;
			buildSettings = {
				ALWAYS_SEARCH_USER_PATHS = NO;
				ASSETCATALOG_COMPILER_GENERATE_SWIFT_ASSET_SYMBOL_EXTENSIONS = YES;
				CLANG_ANALYZER_NONNULL = YES;
				CLANG_ANALYZER_NUMBER_OBJECT_CONVERSION = YES_AGGRESSIVE;
				CLANG_CXX_LANGUAGE_STANDARD = "gnu++20";
				CLANG_ENABLE_MODULES = YES;
				CLANG_ENABLE_OBJC_ARC = YES;
				CLANG_ENABLE_OBJC_WEAK = YES;
				CLANG_WARN_BLOCK_CAPTURE_AUTORELEASING = YES;
				CLANG_WARN_BOOL_CONVERSION = YES;
				CLANG_WARN_COMMA = YES;
				CLANG_WARN_CONSTANT_CONVERSION = YES;
				CLANG_WARN_DEPRECATED_OBJC_IMPLEMENTATIONS = YES;
				CLANG_WARN_DIRECT_OBJC_ISA_USAGE = YES_ERROR;
				CLANG_WARN_DOCUMENTATION_COMMENTS = YES;
				CLANG_WARN_EMPTY_BODY = YES;
				CLANG_WARN_ENUM_CONVERSION = YES;
				CLANG_WARN_INFINITE_RECURSION = YES;
				CLANG_WARN_INT_CONVERSION = YES;
				CLANG_WARN_NON_LITERAL_NULL_CONVERSION = YES;
				CLANG_WARN_OBJC_IMPLICIT_RETAIN_SELF = YES;
				CLANG_WARN_OBJC_LITERAL_CONVERSION = YES;
				CLANG_WARN_OBJC_ROOT_CLASS = YES_ERROR;
				CLANG_WARN_QUOTED_INCLUDE_IN_FRAMEWORK_HEADER = YES;
				CLANG_WARN_RANGE_LOOP_ANALYSIS = YES;
				CLANG_WARN_STRICT_PROTOTYPES = YES;
				CLANG_WARN_SUSPICIOUS_MOVE = YES;
				CLANG_WARN_UNGUARDED_AVAILABILITY = YES_AGGRESSIVE;
				CLANG_WARN_UNREACHABLE_CODE = YES;
				CLANG_WARN__DUPLICATE_METHOD_MATCH = YES;
				COPY_PHASE_STRIP = NO;
				DEBUG_INFORMATION_FORMAT = dwarf;
				ENABLE_STRICT_OBJC_MSGSEND = YES;
				ENABLE_TESTABILITY = YES;
				ENABLE_USER_SCRIPT_SANDBOXING = YES;
				GCC_C_LANGUAGE_STANDARD = gnu17;
				GCC_DYNAMIC_NO_PIC = NO;
				GCC_NO_COMMON_BLOCKS = YES;
				GCC_OPTIMIZATION_LEVEL = 0;
				GCC_PREPROCESSOR_DEFINITIONS = (
					"DEBUG=1",
					"$(inherited)",
				);
				GCC_WARN_64_TO_32_BIT_CONVERSION = YES;
				GCC_WARN_ABOUT_RETURN_TYPE = YES_ERROR;
				GCC_WARN_UNDECLARED_SELECTOR = YES;
				GCC_WARN_UNINITIALIZED_AUTOS = YES_AGGRESSIVE;
				GCC_WARN_UNUSED_FUNCTION = YES;
				GCC_WARN_UNUSED_VARIABLE = YES;
				IPHONEOS_DEPLOYMENT_TARGET = 17.5;
				LOCALIZATION_PREFERS_STRING_CATALOGS = YES;
				MTL_ENABLE_DEBUG_INFO = INCLUDE_SOURCE;
				MTL_FAST_MATH = YES;
				ONLY_ACTIVE_ARCH = YES;
				SDKROOT = iphoneos;
				SWIFT_ACTIVE_COMPILATION_CONDITIONS = "DEBUG $(inherited)";
				SWIFT_OPTIMIZATION_LEVEL = "-Onone";
			};
			name = Debug;
		};
		D1FACB932C3D17CA00F89A26 /* Release */ = {
			isa = XCBuildConfiguration;
			buildSettings = {
				ALWAYS_SEARCH_USER_PATHS = NO;
				ASSETCATALOG_COMPILER_GENERATE_SWIFT_ASSET_SYMBOL_EXTENSIONS = YES;
				CLANG_ANALYZER_NONNULL = YES;
				CLANG_ANALYZER_NUMBER_OBJECT_CONVERSION = YES_AGGRESSIVE;
				CLANG_CXX_LANGUAGE_STANDARD = "gnu++20";
				CLANG_ENABLE_MODULES = YES;
				CLANG_ENABLE_OBJC_ARC = YES;
				CLANG_ENABLE_OBJC_WEAK = YES;
				CLANG_WARN_BLOCK_CAPTURE_AUTORELEASING = YES;
				CLANG_WARN_BOOL_CONVERSION = YES;
				CLANG_WARN_COMMA = YES;
				CLANG_WARN_CONSTANT_CONVERSION = YES;
				CLANG_WARN_DEPRECATED_OBJC_IMPLEMENTATIONS = YES;
				CLANG_WARN_DIRECT_OBJC_ISA_USAGE = YES_ERROR;
				CLANG_WARN_DOCUMENTATION_COMMENTS = YES;
				CLANG_WARN_EMPTY_BODY = YES;
				CLANG_WARN_ENUM_CONVERSION = YES;
				CLANG_WARN_INFINITE_RECURSION = YES;
				CLANG_WARN_INT_CONVERSION = YES;
				CLANG_WARN_NON_LITERAL_NULL_CONVERSION = YES;
				CLANG_WARN_OBJC_IMPLICIT_RETAIN_SELF = YES;
				CLANG_WARN_OBJC_LITERAL_CONVERSION = YES;
				CLANG_WARN_OBJC_ROOT_CLASS = YES_ERROR;
				CLANG_WARN_QUOTED_INCLUDE_IN_FRAMEWORK_HEADER = YES;
				CLANG_WARN_RANGE_LOOP_ANALYSIS = YES;
				CLANG_WARN_STRICT_PROTOTYPES = YES;
				CLANG_WARN_SUSPICIOUS_MOVE = YES;
				CLANG_WARN_UNGUARDED_AVAILABILITY = YES_AGGRESSIVE;
				CLANG_WARN_UNREACHABLE_CODE = YES;
				CLANG_WARN__DUPLICATE_METHOD_MATCH = YES;
				COPY_PHASE_STRIP = NO;
				DEBUG_INFORMATION_FORMAT = "dwarf-with-dsym";
				ENABLE_NS_ASSERTIONS = NO;
				ENABLE_STRICT_OBJC_MSGSEND = YES;
				ENABLE_USER_SCRIPT_SANDBOXING = YES;
				GCC_C_LANGUAGE_STANDARD = gnu17;
				GCC_NO_COMMON_BLOCKS = YES;
				GCC_WARN_64_TO_32_BIT_CONVERSION = YES;
				GCC_WARN_ABOUT_RETURN_TYPE = YES_ERROR;
				GCC_WARN_UNDECLARED_SELECTOR = YES;
				GCC_WARN_UNINITIALIZED_AUTOS = YES_AGGRESSIVE;
				GCC_WARN_UNUSED_FUNCTION = YES;
				GCC_WARN_UNUSED_VARIABLE = YES;
				IPHONEOS_DEPLOYMENT_TARGET = 17.5;
				LOCALIZATION_PREFERS_STRING_CATALOGS = YES;
				MTL_ENABLE_DEBUG_INFO = NO;
				MTL_FAST_MATH = YES;
				SDKROOT = iphoneos;
				SWIFT_COMPILATION_MODE = wholemodule;
				VALIDATE_PRODUCT = YES;
			};
			name = Release;
		};
		D1FACB952C3D17CA00F89A26 /* Debug */ = {
			isa = XCBuildConfiguration;
			buildSettings = {
				ASSETCATALOG_COMPILER_APPICON_NAME = AppIcon;
				ASSETCATALOG_COMPILER_GLOBAL_ACCENT_COLOR_NAME = AccentColor;
				CODE_SIGN_STYLE = Automatic;
				CURRENT_PROJECT_VERSION = 1;
				DEVELOPMENT_ASSET_PATHS = "\"MessengerClone/Preview Content\"";
				ENABLE_PREVIEWS = YES;
				GENERATE_INFOPLIST_FILE = YES;
				INFOPLIST_KEY_UIApplicationSceneManifest_Generation = YES;
				INFOPLIST_KEY_UIApplicationSupportsIndirectInputEvents = YES;
				INFOPLIST_KEY_UILaunchScreen_Generation = YES;
				INFOPLIST_KEY_UISupportedInterfaceOrientations_iPad = "UIInterfaceOrientationPortrait UIInterfaceOrientationPortraitUpsideDown UIInterfaceOrientationLandscapeLeft UIInterfaceOrientationLandscapeRight";
				INFOPLIST_KEY_UISupportedInterfaceOrientations_iPhone = "UIInterfaceOrientationPortrait UIInterfaceOrientationLandscapeLeft UIInterfaceOrientationLandscapeRight";
				IPHONEOS_DEPLOYMENT_TARGET = 17.4;
				LD_RUNPATH_SEARCH_PATHS = (
					"$(inherited)",
					"@executable_path/Frameworks",
				);
				MARKETING_VERSION = 1.0;
				PRODUCT_BUNDLE_IDENTIFIER = com.sstonn.MessengerClone;
				PRODUCT_NAME = "$(TARGET_NAME)";
				SWIFT_EMIT_LOC_STRINGS = YES;
				SWIFT_VERSION = 5.0;
				TARGETED_DEVICE_FAMILY = "1,2";
			};
			name = Debug;
		};
		D1FACB962C3D17CA00F89A26 /* Release */ = {
			isa = XCBuildConfiguration;
			buildSettings = {
				ASSETCATALOG_COMPILER_APPICON_NAME = AppIcon;
				ASSETCATALOG_COMPILER_GLOBAL_ACCENT_COLOR_NAME = AccentColor;
				CODE_SIGN_STYLE = Automatic;
				CURRENT_PROJECT_VERSION = 1;
				DEVELOPMENT_ASSET_PATHS = "\"MessengerClone/Preview Content\"";
				ENABLE_PREVIEWS = YES;
				GENERATE_INFOPLIST_FILE = YES;
				INFOPLIST_KEY_UIApplicationSceneManifest_Generation = YES;
				INFOPLIST_KEY_UIApplicationSupportsIndirectInputEvents = YES;
				INFOPLIST_KEY_UILaunchScreen_Generation = YES;
				INFOPLIST_KEY_UISupportedInterfaceOrientations_iPad = "UIInterfaceOrientationPortrait UIInterfaceOrientationPortraitUpsideDown UIInterfaceOrientationLandscapeLeft UIInterfaceOrientationLandscapeRight";
				INFOPLIST_KEY_UISupportedInterfaceOrientations_iPhone = "UIInterfaceOrientationPortrait UIInterfaceOrientationLandscapeLeft UIInterfaceOrientationLandscapeRight";
				IPHONEOS_DEPLOYMENT_TARGET = 17.4;
				LD_RUNPATH_SEARCH_PATHS = (
					"$(inherited)",
					"@executable_path/Frameworks",
				);
				MARKETING_VERSION = 1.0;
				PRODUCT_BUNDLE_IDENTIFIER = com.sstonn.MessengerClone;
				PRODUCT_NAME = "$(TARGET_NAME)";
				SWIFT_EMIT_LOC_STRINGS = YES;
				SWIFT_VERSION = 5.0;
				TARGETED_DEVICE_FAMILY = "1,2";
			};
			name = Release;
		};
/* End XCBuildConfiguration section */

/* Begin XCConfigurationList section */
		D1FACB812C3D17C900F89A26 /* Build configuration list for PBXProject "MessengerClone" */ = {
			isa = XCConfigurationList;
			buildConfigurations = (
				D1FACB922C3D17CA00F89A26 /* Debug */,
				D1FACB932C3D17CA00F89A26 /* Release */,
			);
			defaultConfigurationIsVisible = 0;
			defaultConfigurationName = Release;
		};
		D1FACB942C3D17CA00F89A26 /* Build configuration list for PBXNativeTarget "MessengerClone" */ = {
			isa = XCConfigurationList;
			buildConfigurations = (
				D1FACB952C3D17CA00F89A26 /* Debug */,
				D1FACB962C3D17CA00F89A26 /* Release */,
			);
			defaultConfigurationIsVisible = 0;
			defaultConfigurationName = Release;
		};
/* End XCConfigurationList section */
	};
	rootObject = D1FACB7E2C3D17C900F89A26 /* Project object */;
}
